
Microsoft Visual Studio Solution File, Format Version 12.00
# Visual Studio Version 17
VisualStudioVersion = 17.0.31611.283
MinimumVisualStudioVersion = 10.0.40219.1
Project("{9A19103F-16F7-4668-BE54-9A1E7A4F7556}") = "HotelMAUIApp", "HotelMAUIApp.csproj", "{CA22F8C5-74D1-4FFD-B518-86C9EADB57DD}"
EndProject
Project("{9A19103F-16F7-4668-BE54-9A1E7A4F7556}") = "Hotel", "..\Hotel\Hotel.csproj", "{1E233D55-10D8-4323-8645-135769F72558}"
EndProject
Project("{9A19103F-16F7-4668-BE54-9A1E7A4F7556}") = "HotelAPI", "..\HotelAPI\HotelAPI.csproj", "{93122EF9-2C8E-4899-A314-C577EB151584}"
EndProject
Global
	GlobalSection(SolutionConfigurationPlatforms) = preSolution
		Debug|Any CPU = Debug|Any CPU
		Release|Any CPU = Release|Any CPU
	EndGlobalSection
	GlobalSection(ProjectConfigurationPlatforms) = postSolution
		{CA22F8C5-74D1-4FFD-B518-86C9EADB57DD}.Debug|Any CPU.ActiveCfg = Debug|Any CPU
		{CA22F8C5-74D1-4FFD-B518-86C9EADB57DD}.Debug|Any CPU.Build.0 = Debug|Any CPU
		{CA22F8C5-74D1-4FFD-B518-86C9EADB57DD}.Debug|Any CPU.Deploy.0 = Debug|Any CPU
		{CA22F8C5-74D1-4FFD-B518-86C9EADB57DD}.Release|Any CPU.ActiveCfg = Release|Any CPU
		{CA22F8C5-74D1-4FFD-B518-86C9EADB57DD}.Release|Any CPU.Build.0 = Release|Any CPU
		{CA22F8C5-74D1-4FFD-B518-86C9EADB57DD}.Release|Any CPU.Deploy.0 = Release|Any CPU
		{1E233D55-10D8-4323-8645-135769F72558}.Debug|Any CPU.ActiveCfg = Debug|Any CPU
		{1E233D55-10D8-4323-8645-135769F72558}.Debug|Any CPU.Build.0 = Debug|Any CPU
		{1E233D55-10D8-4323-8645-135769F72558}.Release|Any CPU.ActiveCfg = Release|Any CPU
		{1E233D55-10D8-4323-8645-135769F72558}.Release|Any CPU.Build.0 = Release|Any CPU
		{93122EF9-2C8E-4899-A314-C577EB151584}.Debug|Any CPU.ActiveCfg = Debug|Any CPU
		{93122EF9-2C8E-4899-A314-C577EB151584}.Debug|Any CPU.Build.0 = Debug|Any CPU
		{93122EF9-2C8E-4899-A314-C577EB151584}.Release|Any CPU.ActiveCfg = Release|Any CPU
		{93122EF9-2C8E-4899-A314-C577EB151584}.Release|Any CPU.Build.0 = Release|Any CPU
	EndGlobalSection
	GlobalSection(SolutionProperties) = preSolution
		HideSolutionNode = FALSE
	EndGlobalSection
	GlobalSection(ExtensibilityGlobals) = postSolution
		SolutionGuid = {61F7FB11-1E47-470C-91E2-47F8143E1572}
	EndGlobalSection
EndGlobal
